
Microsoft Visual Studio Solution File, Format Version 12.00
# Visual Studio Version 17
VisualStudioVersion = 17.9.34728.123
MinimumVisualStudioVersion = 10.0.40219.1
Project("{FAE04EC0-301F-11D3-BF4B-00C04F79EFBC}") = "TrajvRegister10", "TrajvRegister10.csproj", "{E80629C9-D22E-4A88-B672-0BECF3916818}"
EndProject
Global
	GlobalSection(SolutionConfigurationPlatforms) = preSolution
		Debug|Any CPU = Debug|Any CPU
		Release|Any CPU = Release|Any CPU
	EndGlobalSection
	GlobalSection(ProjectConfigurationPlatforms) = postSolution
		{E80629C9-D22E-4A88-B672-0BECF3916818}.Debug|Any CPU.ActiveCfg = Debug|Any CPU
		{E80629C9-D22E-4A88-B672-0BECF3916818}.Debug|Any CPU.Build.0 = Debug|Any CPU
		{E80629C9-D22E-4A88-B672-0BECF3916818}.Release|Any CPU.ActiveCfg = Release|Any CPU
		{E80629C9-D22E-4A88-B672-0BECF3916818}.Release|Any CPU.Build.0 = Release|Any CPU
	EndGlobalSection
	GlobalSection(SolutionProperties) = preSolution
		HideSolutionNode = FALSE
	EndGlobalSection
	GlobalSection(ExtensibilityGlobals) = postSolution
		SolutionGuid = {6A7E7CE6-53CE-410F-8146-8ACA0B3D06F8}
	EndGlobalSection
EndGlobal
